
Microsoft Visual Studio Solution File, Format Version 12.00
# Visual Studio Version 17
VisualStudioVersion = 17.8.34525.116
MinimumVisualStudioVersion = 10.0.40219.1
Project("{8BC9CEB8-8B4A-11D0-8D11-00A0C91BC942}") = "str函数", "str函数\str函数.vcxproj", "{31242F55-4D72-4E3E-BDE9-09B556396850}"
EndProject
Global
	GlobalSection(SolutionConfigurationPlatforms) = preSolution
		Debug|x64 = Debug|x64
		Debug|x86 = Debug|x86
		Release|x64 = Release|x64
		Release|x86 = Release|x86
	EndGlobalSection
	GlobalSection(ProjectConfigurationPlatforms) = postSolution
		{31242F55-4D72-4E3E-BDE9-09B556396850}.Debug|x64.ActiveCfg = Debug|x64
		{31242F55-4D72-4E3E-BDE9-09B556396850}.Debug|x64.Build.0 = Debug|x64
		{31242F55-4D72-4E3E-BDE9-09B556396850}.Debug|x86.ActiveCfg = Debug|Win32
		{31242F55-4D72-4E3E-BDE9-09B556396850}.Debug|x86.Build.0 = Debug|Win32
		{31242F55-4D72-4E3E-BDE9-09B556396850}.Release|x64.ActiveCfg = Release|x64
		{31242F55-4D72-4E3E-BDE9-09B556396850}.Release|x64.Build.0 = Release|x64
		{31242F55-4D72-4E3E-BDE9-09B556396850}.Release|x86.ActiveCfg = Release|Win32
		{31242F55-4D72-4E3E-BDE9-09B556396850}.Release|x86.Build.0 = Release|Win32
	EndGlobalSection
	GlobalSection(SolutionProperties) = preSolution
		HideSolutionNode = FALSE
	EndGlobalSection
	GlobalSection(ExtensibilityGlobals) = postSolution
		SolutionGuid = {C093C3EF-A257-4541-8627-3E1BF98C2A1E}
	EndGlobalSection
EndGlobal
